
Microsoft Visual Studio Solution File, Format Version 12.00
# Visual Studio Version 16
VisualStudioVersion = 16.0.30413.136
MinimumVisualStudioVersion = 10.0.40219.1
Project("{FAE04EC0-301F-11D3-BF4B-00C04F79EFBC}") = "CoreMVCProject1", "CoreMVCProject1\CoreMVCProject1.csproj", "{C3AB2E4D-1640-4580-A968-FFCAB0C8B745}"
EndProject
Global
	GlobalSection(SolutionConfigurationPlatforms) = preSolution
		Debug|Any CPU = Debug|Any CPU
		Release|Any CPU = Release|Any CPU
	EndGlobalSection
	GlobalSection(ProjectConfigurationPlatforms) = postSolution
		{C3AB2E4D-1640-4580-A968-FFCAB0C8B745}.Debug|Any CPU.ActiveCfg = Debug|Any CPU
		{C3AB2E4D-1640-4580-A968-FFCAB0C8B745}.Debug|Any CPU.Build.0 = Debug|Any CPU
		{C3AB2E4D-1640-4580-A968-FFCAB0C8B745}.Release|Any CPU.ActiveCfg = Release|Any CPU
		{C3AB2E4D-1640-4580-A968-FFCAB0C8B745}.Release|Any CPU.Build.0 = Release|Any CPU
	EndGlobalSection
	GlobalSection(SolutionProperties) = preSolution
		HideSolutionNode = FALSE
	EndGlobalSection
	GlobalSection(ExtensibilityGlobals) = postSolution
		SolutionGuid = {6AE9E3DE-D6D7-4F17-9999-C8DA0FA266E7}
	EndGlobalSection
EndGlobal
